
Microsoft Visual Studio Solution File, Format Version 12.00
# Visual Studio Version 16
VisualStudioVersion = 16.0.32106.194
MinimumVisualStudioVersion = 10.0.40219.1
Project("{9A19103F-16F7-4668-BE54-9A1E7A4F7556}") = "APIStackForum", "APIStackForum\APIStackForum.csproj", "{53CA3C23-9BA9-475F-9240-98DF010EAF3D}"
EndProject
Project("{9A19103F-16F7-4668-BE54-9A1E7A4F7556}") = "Domain", "Domain\Domain.csproj", "{01608BF8-5D36-4D63-B1C5-AAF783269D23}"
EndProject
Project("{9A19103F-16F7-4668-BE54-9A1E7A4F7556}") = "BLLS", "BLLS\BLLS.csproj", "{72F6C53B-30A9-4536-8FC7-1ABAEBD3743E}"
EndProject
Project("{9A19103F-16F7-4668-BE54-9A1E7A4F7556}") = "DAL", "DAL\DAL.csproj", "{446611FC-2049-407E-9449-71FC2E7D25EA}"
EndProject
Project("{9A19103F-16F7-4668-BE54-9A1E7A4F7556}") = "UnitTests", "UnitTests\UnitTests.csproj", "{BF798B23-5A89-47B6-9046-841C8A3F0DFF}"
EndProject
Project("{9A19103F-16F7-4668-BE54-9A1E7A4F7556}") = "ClientWinforms", "ClientWinforms\ClientWinforms.csproj", "{AD6AFA44-6307-410A-8FCE-D65A765FDB88}"
EndProject
Project("{FAE04EC0-301F-11D3-BF4B-00C04F79EFBC}") = "IntegrationTest", "IntegrationTest\IntegrationTest.csproj", "{E8D30AE7-1970-467F-9CD1-0891F1D20616}"
EndProject
Global
	GlobalSection(SolutionConfigurationPlatforms) = preSolution
		Debug|Any CPU = Debug|Any CPU
		Release|Any CPU = Release|Any CPU
	EndGlobalSection
	GlobalSection(ProjectConfigurationPlatforms) = postSolution
		{53CA3C23-9BA9-475F-9240-98DF010EAF3D}.Debug|Any CPU.ActiveCfg = Debug|Any CPU
		{53CA3C23-9BA9-475F-9240-98DF010EAF3D}.Debug|Any CPU.Build.0 = Debug|Any CPU
		{53CA3C23-9BA9-475F-9240-98DF010EAF3D}.Release|Any CPU.ActiveCfg = Release|Any CPU
		{53CA3C23-9BA9-475F-9240-98DF010EAF3D}.Release|Any CPU.Build.0 = Release|Any CPU
		{01608BF8-5D36-4D63-B1C5-AAF783269D23}.Debug|Any CPU.ActiveCfg = Debug|Any CPU
		{01608BF8-5D36-4D63-B1C5-AAF783269D23}.Debug|Any CPU.Build.0 = Debug|Any CPU
		{01608BF8-5D36-4D63-B1C5-AAF783269D23}.Release|Any CPU.ActiveCfg = Release|Any CPU
		{01608BF8-5D36-4D63-B1C5-AAF783269D23}.Release|Any CPU.Build.0 = Release|Any CPU
		{72F6C53B-30A9-4536-8FC7-1ABAEBD3743E}.Debug|Any CPU.ActiveCfg = Debug|Any CPU
		{72F6C53B-30A9-4536-8FC7-1ABAEBD3743E}.Debug|Any CPU.Build.0 = Debug|Any CPU
		{72F6C53B-30A9-4536-8FC7-1ABAEBD3743E}.Release|Any CPU.ActiveCfg = Release|Any CPU
		{72F6C53B-30A9-4536-8FC7-1ABAEBD3743E}.Release|Any CPU.Build.0 = Release|Any CPU
		{446611FC-2049-407E-9449-71FC2E7D25EA}.Debug|Any CPU.ActiveCfg = Debug|Any CPU
		{446611FC-2049-407E-9449-71FC2E7D25EA}.Debug|Any CPU.Build.0 = Debug|Any CPU
		{446611FC-2049-407E-9449-71FC2E7D25EA}.Release|Any CPU.ActiveCfg = Release|Any CPU
		{446611FC-2049-407E-9449-71FC2E7D25EA}.Release|Any CPU.Build.0 = Release|Any CPU
		{BF798B23-5A89-47B6-9046-841C8A3F0DFF}.Debug|Any CPU.ActiveCfg = Debug|Any CPU
		{BF798B23-5A89-47B6-9046-841C8A3F0DFF}.Debug|Any CPU.Build.0 = Debug|Any CPU
		{BF798B23-5A89-47B6-9046-841C8A3F0DFF}.Release|Any CPU.ActiveCfg = Release|Any CPU
		{BF798B23-5A89-47B6-9046-841C8A3F0DFF}.Release|Any CPU.Build.0 = Release|Any CPU
		{AD6AFA44-6307-410A-8FCE-D65A765FDB88}.Debug|Any CPU.ActiveCfg = Debug|Any CPU
		{AD6AFA44-6307-410A-8FCE-D65A765FDB88}.Debug|Any CPU.Build.0 = Debug|Any CPU
		{AD6AFA44-6307-410A-8FCE-D65A765FDB88}.Release|Any CPU.ActiveCfg = Release|Any CPU
		{AD6AFA44-6307-410A-8FCE-D65A765FDB88}.Release|Any CPU.Build.0 = Release|Any CPU
		{E8D30AE7-1970-467F-9CD1-0891F1D20616}.Debug|Any CPU.ActiveCfg = Debug|Any CPU
		{E8D30AE7-1970-467F-9CD1-0891F1D20616}.Debug|Any CPU.Build.0 = Debug|Any CPU
		{E8D30AE7-1970-467F-9CD1-0891F1D20616}.Release|Any CPU.ActiveCfg = Release|Any CPU
		{E8D30AE7-1970-467F-9CD1-0891F1D20616}.Release|Any CPU.Build.0 = Release|Any CPU
	EndGlobalSection
	GlobalSection(SolutionProperties) = preSolution
		HideSolutionNode = FALSE
	EndGlobalSection
	GlobalSection(ExtensibilityGlobals) = postSolution
		SolutionGuid = {30AA346D-1BC7-457D-94F2-145FB1B54F53}
	EndGlobalSection
EndGlobal
